{
  "requires": true,
  "lockfileVersion": 1,
  "dependencies": {
    "axios": {
      "version": "0.18.0",
      "resolved": "http://registry.npm.taobao.org/axios/download/axios-0.18.0.tgz",
      "dependencies": {
        "follow-redirects": {
          "version": "http://registry.npm.taobao.org/follow-redirects/download/follow-redirects-1.7.0.tgz",
          "bundled": true
        },
        "is-buffer": {
          "version": "http://registry.npm.taobao.org/is-buffer/download/is-buffer-1.1.6.tgz",
          "bundled": true
        }
      }
    }
  }
}
